
Microsoft Visual Studio Solution File, Format Version 12.00
# Visual Studio Version 17
VisualStudioVersion = 17.1.32407.343
MinimumVisualStudioVersion = 10.0.40219.1
Project("{9A19103F-16F7-4668-BE54-9A1E7A4F7556}") = "EShopLearning.Api", "EShopLearning.Api\EShopLearning.Api.csproj", "{4A9DA20D-133A-456A-A0C0-74B32147E3E1}"
EndProject
Project("{FAE04EC0-301F-11D3-BF4B-00C04F79EFBC}") = "EShopLearning.Model", "EShopLearning.Model\EShopLearning.Model.csproj", "{8843B3E2-1A3A-4C7A-8C10-08BE5DDAABCC}"
EndProject
Global
	GlobalSection(SolutionConfigurationPlatforms) = preSolution
		Debug|Any CPU = Debug|Any CPU
		Release|Any CPU = Release|Any CPU
	EndGlobalSection
	GlobalSection(ProjectConfigurationPlatforms) = postSolution
		{4A9DA20D-133A-456A-A0C0-74B32147E3E1}.Debug|Any CPU.ActiveCfg = Debug|Any CPU
		{4A9DA20D-133A-456A-A0C0-74B32147E3E1}.Debug|Any CPU.Build.0 = Debug|Any CPU
		{4A9DA20D-133A-456A-A0C0-74B32147E3E1}.Release|Any CPU.ActiveCfg = Release|Any CPU
		{4A9DA20D-133A-456A-A0C0-74B32147E3E1}.Release|Any CPU.Build.0 = Release|Any CPU
		{8843B3E2-1A3A-4C7A-8C10-08BE5DDAABCC}.Debug|Any CPU.ActiveCfg = Debug|Any CPU
		{8843B3E2-1A3A-4C7A-8C10-08BE5DDAABCC}.Debug|Any CPU.Build.0 = Debug|Any CPU
		{8843B3E2-1A3A-4C7A-8C10-08BE5DDAABCC}.Release|Any CPU.ActiveCfg = Release|Any CPU
		{8843B3E2-1A3A-4C7A-8C10-08BE5DDAABCC}.Release|Any CPU.Build.0 = Release|Any CPU
	EndGlobalSection
	GlobalSection(SolutionProperties) = preSolution
		HideSolutionNode = FALSE
	EndGlobalSection
	GlobalSection(ExtensibilityGlobals) = postSolution
		SolutionGuid = {5BD039EE-3DA5-4D04-9B55-EF47828A51F9}
	EndGlobalSection
EndGlobal
